
Microsoft Visual Studio Solution File, Format Version 12.00
# Visual Studio 14
VisualStudioVersion = 14.0.24720.0
MinimumVisualStudioVersion = 10.0.40219.1
Project("{FAE04EC0-301F-11D3-BF4B-00C04F79EFBC}") = "Cqrs", "Cqrs\Cqrs.csproj", "{3A21D888-8212-4C77-AA3D-B2B9F8F3CDC2}"
EndProject
Project("{2150E333-8FDC-42A3-9474-1A3956D46DE8}") = "Tools", "Tools", "{1CB187E1-32CC-4396-8ADE-778308EDE8BA}"
	ProjectSection(SolutionItems) = preProject
		.gitattributes = .gitattributes
		.gitignore = .gitignore
		LICENSE = LICENSE
		README.md = README.md
	EndProjectSection
EndProject
Project("{FAE04EC0-301F-11D3-BF4B-00C04F79EFBC}") = "Cqrs.Querying", "Cqrs.Querying\Cqrs.Querying.csproj", "{050FE5B5-EE39-416E-84E6-AB13D9B1CAC8}"
EndProject
Project("{FAE04EC0-301F-11D3-BF4B-00C04F79EFBC}") = "Cqrs.Application.Queries", "Cqrs.Application.Queries\Cqrs.Application.Queries.csproj", "{C372C224-E888-4B42-A679-EC64FE6B0B0C}"
EndProject
Project("{FAE04EC0-301F-11D3-BF4B-00C04F79EFBC}") = "Cqrs.Application.Domain", "Cqrs.Application.Domain\Cqrs.Application.Domain.csproj", "{03D56032-EAEF-49D1-9887-856D3148E9C0}"
EndProject
Project("{FAE04EC0-301F-11D3-BF4B-00C04F79EFBC}") = "Cqrs.Connections", "Cqrs.Connections\Cqrs.Connections.csproj", "{DB6ABF96-D432-4424-BA7E-48098525EFB6}"
EndProject
Project("{FAE04EC0-301F-11D3-BF4B-00C04F79EFBC}") = "Cqrs.Connections.Dapper", "Cqrs.Connections.Dapper\Cqrs.Connections.Dapper.csproj", "{4342E57F-24AC-4EDB-9728-25E6196071BF}"
EndProject
Project("{FAE04EC0-301F-11D3-BF4B-00C04F79EFBC}") = "Cqrs.Tools.ExampleInitializer", "Cqrs.Tools.ExampleInitializer\Cqrs.Tools.ExampleInitializer.csproj", "{EAC721C3-8715-4DDB-A557-6685582D9013}"
EndProject
Global
	GlobalSection(SolutionConfigurationPlatforms) = preSolution
		Debug|Any CPU = Debug|Any CPU
		Release|Any CPU = Release|Any CPU
	EndGlobalSection
	GlobalSection(ProjectConfigurationPlatforms) = postSolution
		{3A21D888-8212-4C77-AA3D-B2B9F8F3CDC2}.Debug|Any CPU.ActiveCfg = Debug|Any CPU
		{3A21D888-8212-4C77-AA3D-B2B9F8F3CDC2}.Debug|Any CPU.Build.0 = Debug|Any CPU
		{3A21D888-8212-4C77-AA3D-B2B9F8F3CDC2}.Release|Any CPU.ActiveCfg = Release|Any CPU
		{3A21D888-8212-4C77-AA3D-B2B9F8F3CDC2}.Release|Any CPU.Build.0 = Release|Any CPU
		{050FE5B5-EE39-416E-84E6-AB13D9B1CAC8}.Debug|Any CPU.ActiveCfg = Debug|Any CPU
		{050FE5B5-EE39-416E-84E6-AB13D9B1CAC8}.Debug|Any CPU.Build.0 = Debug|Any CPU
		{050FE5B5-EE39-416E-84E6-AB13D9B1CAC8}.Release|Any CPU.ActiveCfg = Release|Any CPU
		{050FE5B5-EE39-416E-84E6-AB13D9B1CAC8}.Release|Any CPU.Build.0 = Release|Any CPU
		{C372C224-E888-4B42-A679-EC64FE6B0B0C}.Debug|Any CPU.ActiveCfg = Debug|Any CPU
		{C372C224-E888-4B42-A679-EC64FE6B0B0C}.Debug|Any CPU.Build.0 = Debug|Any CPU
		{C372C224-E888-4B42-A679-EC64FE6B0B0C}.Release|Any CPU.ActiveCfg = Release|Any CPU
		{C372C224-E888-4B42-A679-EC64FE6B0B0C}.Release|Any CPU.Build.0 = Release|Any CPU
		{03D56032-EAEF-49D1-9887-856D3148E9C0}.Debug|Any CPU.ActiveCfg = Debug|Any CPU
		{03D56032-EAEF-49D1-9887-856D3148E9C0}.Debug|Any CPU.Build.0 = Debug|Any CPU
		{03D56032-EAEF-49D1-9887-856D3148E9C0}.Release|Any CPU.ActiveCfg = Release|Any CPU
		{03D56032-EAEF-49D1-9887-856D3148E9C0}.Release|Any CPU.Build.0 = Release|Any CPU
		{DB6ABF96-D432-4424-BA7E-48098525EFB6}.Debug|Any CPU.ActiveCfg = Debug|Any CPU
		{DB6ABF96-D432-4424-BA7E-48098525EFB6}.Debug|Any CPU.Build.0 = Debug|Any CPU
		{DB6ABF96-D432-4424-BA7E-48098525EFB6}.Release|Any CPU.ActiveCfg = Release|Any CPU
		{DB6ABF96-D432-4424-BA7E-48098525EFB6}.Release|Any CPU.Build.0 = Release|Any CPU
		{4342E57F-24AC-4EDB-9728-25E6196071BF}.Debug|Any CPU.ActiveCfg = Debug|Any CPU
		{4342E57F-24AC-4EDB-9728-25E6196071BF}.Debug|Any CPU.Build.0 = Debug|Any CPU
		{4342E57F-24AC-4EDB-9728-25E6196071BF}.Release|Any CPU.ActiveCfg = Release|Any CPU
		{4342E57F-24AC-4EDB-9728-25E6196071BF}.Release|Any CPU.Build.0 = Release|Any CPU
		{EAC721C3-8715-4DDB-A557-6685582D9013}.Debug|Any CPU.ActiveCfg = Debug|Any CPU
		{EAC721C3-8715-4DDB-A557-6685582D9013}.Debug|Any CPU.Build.0 = Debug|Any CPU
		{EAC721C3-8715-4DDB-A557-6685582D9013}.Release|Any CPU.ActiveCfg = Release|Any CPU
		{EAC721C3-8715-4DDB-A557-6685582D9013}.Release|Any CPU.Build.0 = Release|Any CPU
	EndGlobalSection
	GlobalSection(SolutionProperties) = preSolution
		HideSolutionNode = FALSE
	EndGlobalSection
	GlobalSection(NestedProjects) = preSolution
		{EAC721C3-8715-4DDB-A557-6685582D9013} = {1CB187E1-32CC-4396-8ADE-778308EDE8BA}
	EndGlobalSection
EndGlobal
