
Microsoft Visual Studio Solution File, Format Version 12.00
# Visual Studio 14
VisualStudioVersion = 14.0.24720.0
MinimumVisualStudioVersion = 10.0.40219.1
Project("{FAE04EC0-301F-11D3-BF4B-00C04F79EFBC}") = "Cqrs", "Cqrs\Cqrs.csproj", "{3A21D888-8212-4C77-AA3D-B2B9F8F3CDC2}"
EndProject
Project("{FAE04EC0-301F-11D3-BF4B-00C04F79EFBC}") = "Cqrs.Application", "..\Cqrs.Application\Cqrs.Application.csproj", "{6C026BB6-ED35-46F7-9CE9-8AF56ECC185E}"
EndProject
Global
	GlobalSection(SolutionConfigurationPlatforms) = preSolution
		Debug|Any CPU = Debug|Any CPU
		Release|Any CPU = Release|Any CPU
	EndGlobalSection
	GlobalSection(ProjectConfigurationPlatforms) = postSolution
		{3A21D888-8212-4C77-AA3D-B2B9F8F3CDC2}.Debug|Any CPU.ActiveCfg = Debug|Any CPU
		{3A21D888-8212-4C77-AA3D-B2B9F8F3CDC2}.Debug|Any CPU.Build.0 = Debug|Any CPU
		{3A21D888-8212-4C77-AA3D-B2B9F8F3CDC2}.Release|Any CPU.ActiveCfg = Release|Any CPU
		{3A21D888-8212-4C77-AA3D-B2B9F8F3CDC2}.Release|Any CPU.Build.0 = Release|Any CPU
		{6C026BB6-ED35-46F7-9CE9-8AF56ECC185E}.Debug|Any CPU.ActiveCfg = Debug|Any CPU
		{6C026BB6-ED35-46F7-9CE9-8AF56ECC185E}.Debug|Any CPU.Build.0 = Debug|Any CPU
		{6C026BB6-ED35-46F7-9CE9-8AF56ECC185E}.Release|Any CPU.ActiveCfg = Release|Any CPU
		{6C026BB6-ED35-46F7-9CE9-8AF56ECC185E}.Release|Any CPU.Build.0 = Release|Any CPU
	EndGlobalSection
	GlobalSection(SolutionProperties) = preSolution
		HideSolutionNode = FALSE
	EndGlobalSection
EndGlobal
